
Microsoft Visual Studio Solution File, Format Version 12.00
# Visual Studio Version 17
VisualStudioVersion = 17.9.34701.34
MinimumVisualStudioVersion = 10.0.40219.1
Project("{FAE04EC0-301F-11D3-BF4B-00C04F79EFBC}") = "Sea_Tile", "Sea_Tile\Sea_Tile.csproj", "{06E1D110-D9CA-4F2B-9417-8A3251F5A72B}"
EndProject
Global
	GlobalSection(SolutionConfigurationPlatforms) = preSolution
		Debug|Any CPU = Debug|Any CPU
		Release|Any CPU = Release|Any CPU
	EndGlobalSection
	GlobalSection(ProjectConfigurationPlatforms) = postSolution
		{06E1D110-D9CA-4F2B-9417-8A3251F5A72B}.Debug|Any CPU.ActiveCfg = Debug|Any CPU
		{06E1D110-D9CA-4F2B-9417-8A3251F5A72B}.Debug|Any CPU.Build.0 = Debug|Any CPU
		{06E1D110-D9CA-4F2B-9417-8A3251F5A72B}.Release|Any CPU.ActiveCfg = Release|Any CPU
		{06E1D110-D9CA-4F2B-9417-8A3251F5A72B}.Release|Any CPU.Build.0 = Release|Any CPU
	EndGlobalSection
	GlobalSection(SolutionProperties) = preSolution
		HideSolutionNode = FALSE
	EndGlobalSection
	GlobalSection(ExtensibilityGlobals) = postSolution
		SolutionGuid = {D7121974-4935-400C-A480-8B6DCF4C620A}
	EndGlobalSection
EndGlobal
